
Microsoft Visual Studio Solution File, Format Version 12.00
# Visual Studio Version 17
VisualStudioVersion = 17.0.32112.339
MinimumVisualStudioVersion = 10.0.40219.1
Project("{FAE04EC0-301F-11D3-BF4B-00C04F79EFBC}") = "CsharksShelter.Server", "CsharksShelter\Server\CsharksShelter.Server.csproj", "{F628DD51-942C-4E9A-A023-B2E0C13B5301}"
EndProject
Project("{FAE04EC0-301F-11D3-BF4B-00C04F79EFBC}") = "CsharksShelter.Client", "CsharksShelter\Client\CsharksShelter.Client.csproj", "{B9A45CA3-C10B-4928-B3AF-0BC59CBB1E3D}"
EndProject
Project("{FAE04EC0-301F-11D3-BF4B-00C04F79EFBC}") = "CsharksShelter.Shared", "CsharksShelter\Shared\CsharksShelter.Shared.csproj", "{FFF23A55-6550-45B2-A9A7-5CD8F332AE10}"
EndProject
Global
	GlobalSection(SolutionConfigurationPlatforms) = preSolution
		Debug|Any CPU = Debug|Any CPU
		Release|Any CPU = Release|Any CPU
	EndGlobalSection
	GlobalSection(ProjectConfigurationPlatforms) = postSolution
		{F628DD51-942C-4E9A-A023-B2E0C13B5301}.Debug|Any CPU.ActiveCfg = Debug|Any CPU
		{F628DD51-942C-4E9A-A023-B2E0C13B5301}.Debug|Any CPU.Build.0 = Debug|Any CPU
		{F628DD51-942C-4E9A-A023-B2E0C13B5301}.Release|Any CPU.ActiveCfg = Release|Any CPU
		{F628DD51-942C-4E9A-A023-B2E0C13B5301}.Release|Any CPU.Build.0 = Release|Any CPU
		{B9A45CA3-C10B-4928-B3AF-0BC59CBB1E3D}.Debug|Any CPU.ActiveCfg = Debug|Any CPU
		{B9A45CA3-C10B-4928-B3AF-0BC59CBB1E3D}.Debug|Any CPU.Build.0 = Debug|Any CPU
		{B9A45CA3-C10B-4928-B3AF-0BC59CBB1E3D}.Release|Any CPU.ActiveCfg = Release|Any CPU
		{B9A45CA3-C10B-4928-B3AF-0BC59CBB1E3D}.Release|Any CPU.Build.0 = Release|Any CPU
		{FFF23A55-6550-45B2-A9A7-5CD8F332AE10}.Debug|Any CPU.ActiveCfg = Debug|Any CPU
		{FFF23A55-6550-45B2-A9A7-5CD8F332AE10}.Debug|Any CPU.Build.0 = Debug|Any CPU
		{FFF23A55-6550-45B2-A9A7-5CD8F332AE10}.Release|Any CPU.ActiveCfg = Release|Any CPU
		{FFF23A55-6550-45B2-A9A7-5CD8F332AE10}.Release|Any CPU.Build.0 = Release|Any CPU
	EndGlobalSection
	GlobalSection(SolutionProperties) = preSolution
		HideSolutionNode = FALSE
	EndGlobalSection
	GlobalSection(ExtensibilityGlobals) = postSolution
		SolutionGuid = {7D5F4D50-1819-43A7-8A49-DA72DF4CFD50}
	EndGlobalSection
EndGlobal
